
Microsoft Visual Studio Solution File, Format Version 12.00
# Visual Studio Version 17
VisualStudioVersion = 17.9.34616.47
MinimumVisualStudioVersion = 10.0.40219.1
Project("{FAE04EC0-301F-11D3-BF4B-00C04F79EFBC}") = "PrimaryConstructors", "PrimaryConstructors\PrimaryConstructors.csproj", "{63F9FB69-983F-4719-B967-E5547164A3C6}"
EndProject
Project("{FAE04EC0-301F-11D3-BF4B-00C04F79EFBC}") = "NonPrimaryConstructors", "NonPrimaryConstructors\NonPrimaryConstructors.csproj", "{25371FF7-ED45-470E-B7F5-AC38766AAF99}"
EndProject
Project("{FAE04EC0-301F-11D3-BF4B-00C04F79EFBC}") = "CollectionExpressions", "CollectionInitializers\CollectionExpressions.csproj", "{FAD62D3D-2DEE-4C0D-96B7-E3CC8877A582}"
EndProject
Global
	GlobalSection(SolutionConfigurationPlatforms) = preSolution
		Debug|Any CPU = Debug|Any CPU
		Release|Any CPU = Release|Any CPU
	EndGlobalSection
	GlobalSection(ProjectConfigurationPlatforms) = postSolution
		{63F9FB69-983F-4719-B967-E5547164A3C6}.Debug|Any CPU.ActiveCfg = Debug|Any CPU
		{63F9FB69-983F-4719-B967-E5547164A3C6}.Debug|Any CPU.Build.0 = Debug|Any CPU
		{63F9FB69-983F-4719-B967-E5547164A3C6}.Release|Any CPU.ActiveCfg = Release|Any CPU
		{63F9FB69-983F-4719-B967-E5547164A3C6}.Release|Any CPU.Build.0 = Release|Any CPU
		{25371FF7-ED45-470E-B7F5-AC38766AAF99}.Debug|Any CPU.ActiveCfg = Debug|Any CPU
		{25371FF7-ED45-470E-B7F5-AC38766AAF99}.Debug|Any CPU.Build.0 = Debug|Any CPU
		{25371FF7-ED45-470E-B7F5-AC38766AAF99}.Release|Any CPU.ActiveCfg = Release|Any CPU
		{25371FF7-ED45-470E-B7F5-AC38766AAF99}.Release|Any CPU.Build.0 = Release|Any CPU
		{FAD62D3D-2DEE-4C0D-96B7-E3CC8877A582}.Debug|Any CPU.ActiveCfg = Debug|Any CPU
		{FAD62D3D-2DEE-4C0D-96B7-E3CC8877A582}.Debug|Any CPU.Build.0 = Debug|Any CPU
		{FAD62D3D-2DEE-4C0D-96B7-E3CC8877A582}.Release|Any CPU.ActiveCfg = Release|Any CPU
		{FAD62D3D-2DEE-4C0D-96B7-E3CC8877A582}.Release|Any CPU.Build.0 = Release|Any CPU
	EndGlobalSection
	GlobalSection(SolutionProperties) = preSolution
		HideSolutionNode = FALSE
	EndGlobalSection
	GlobalSection(ExtensibilityGlobals) = postSolution
		SolutionGuid = {B48561E9-E29F-45B2-9893-2439A82D79B2}
	EndGlobalSection
EndGlobal
